
Microsoft Visual Studio Solution File, Format Version 12.00
# Visual Studio Version 16
VisualStudioVersion = 16.0.30611.23
MinimumVisualStudioVersion = 10.0.40219.1
Project("{FAE04EC0-301F-11D3-BF4B-00C04F79EFBC}") = "Varga_Bogdan_Lab10", "Varga_Bogdan_Lab10.csproj", "{5A5F67A1-F4D3-440E-8D39-46DE84E19404}"
EndProject
Project("{FAE04EC0-301F-11D3-BF4B-00C04F79EFBC}") = "gRPCClient", "..\gRPCClient\gRPCClient.csproj", "{AF12B5A5-1511-4A24-9813-EB2FB69A4095}"
EndProject
Project("{2150E333-8FDC-42A3-9474-1A3956D46DE8}") = "Solution Items", "Solution Items", "{C552810A-6232-4B3D-9428-5075C18E02A0}"
	ProjectSection(SolutionItems) = preProject
		.editorconfig = .editorconfig
	EndProjectSection
EndProject
Global
	GlobalSection(SolutionConfigurationPlatforms) = preSolution
		Debug|Any CPU = Debug|Any CPU
		Release|Any CPU = Release|Any CPU
	EndGlobalSection
	GlobalSection(ProjectConfigurationPlatforms) = postSolution
		{5A5F67A1-F4D3-440E-8D39-46DE84E19404}.Debug|Any CPU.ActiveCfg = Debug|Any CPU
		{5A5F67A1-F4D3-440E-8D39-46DE84E19404}.Debug|Any CPU.Build.0 = Debug|Any CPU
		{5A5F67A1-F4D3-440E-8D39-46DE84E19404}.Release|Any CPU.ActiveCfg = Release|Any CPU
		{5A5F67A1-F4D3-440E-8D39-46DE84E19404}.Release|Any CPU.Build.0 = Release|Any CPU
		{AF12B5A5-1511-4A24-9813-EB2FB69A4095}.Debug|Any CPU.ActiveCfg = Debug|Any CPU
		{AF12B5A5-1511-4A24-9813-EB2FB69A4095}.Debug|Any CPU.Build.0 = Debug|Any CPU
		{AF12B5A5-1511-4A24-9813-EB2FB69A4095}.Release|Any CPU.ActiveCfg = Release|Any CPU
		{AF12B5A5-1511-4A24-9813-EB2FB69A4095}.Release|Any CPU.Build.0 = Release|Any CPU
	EndGlobalSection
	GlobalSection(SolutionProperties) = preSolution
		HideSolutionNode = FALSE
	EndGlobalSection
	GlobalSection(ExtensibilityGlobals) = postSolution
		SolutionGuid = {4326CEDB-C93E-432C-854C-E70A281DCFE6}
	EndGlobalSection
EndGlobal
